
Microsoft Visual Studio Solution File, Format Version 12.00
# Visual Studio 15
VisualStudioVersion = 15.0.28307.136
MinimumVisualStudioVersion = 10.0.40219.1
Project("{FAE04EC0-301F-11D3-BF4B-00C04F79EFBC}") = "ElkaUWP.Core", "ElkaUWP.Core\ElkaUWP.Core.csproj", "{9D85BB0B-A19C-41B1-81D3-4CAB69D9F4F8}"
EndProject
Project("{2150E333-8FDC-42A3-9474-1A3956D46DE8}") = "Modules", "Modules", "{CA44567F-2E4C-4FC8-916A-E04A934C758B}"
EndProject
Project("{FAE04EC0-301F-11D3-BF4B-00C04F79EFBC}") = "ElkaUWP.LoginModule", "ElkaUWP.LoginModule\ElkaUWP.LoginModule.csproj", "{9271B278-9C6B-45B4-95F2-A52643B26B9A}"
EndProject
Project("{FAE04EC0-301F-11D3-BF4B-00C04F79EFBC}") = "ElkaUWP.Infrastructure", "ElkaUWP.Infrastructure\ElkaUWP.Infrastructure.csproj", "{9F821561-3596-4949-99C4-A32EAA91EE6C}"
EndProject
Global
	GlobalSection(SolutionConfigurationPlatforms) = preSolution
		Debug|Any CPU = Debug|Any CPU
		Debug|x64 = Debug|x64
		Debug|x86 = Debug|x86
		Release|Any CPU = Release|Any CPU
		Release|x64 = Release|x64
		Release|x86 = Release|x86
	EndGlobalSection
	GlobalSection(ProjectConfigurationPlatforms) = postSolution
		{9D85BB0B-A19C-41B1-81D3-4CAB69D9F4F8}.Debug|Any CPU.ActiveCfg = Debug|x86
		{9D85BB0B-A19C-41B1-81D3-4CAB69D9F4F8}.Debug|Any CPU.Build.0 = Debug|x86
		{9D85BB0B-A19C-41B1-81D3-4CAB69D9F4F8}.Debug|Any CPU.Deploy.0 = Debug|x86
		{9D85BB0B-A19C-41B1-81D3-4CAB69D9F4F8}.Debug|x64.ActiveCfg = Debug|x64
		{9D85BB0B-A19C-41B1-81D3-4CAB69D9F4F8}.Debug|x64.Build.0 = Debug|x64
		{9D85BB0B-A19C-41B1-81D3-4CAB69D9F4F8}.Debug|x64.Deploy.0 = Debug|x64
		{9D85BB0B-A19C-41B1-81D3-4CAB69D9F4F8}.Debug|x86.ActiveCfg = Debug|x86
		{9D85BB0B-A19C-41B1-81D3-4CAB69D9F4F8}.Debug|x86.Build.0 = Debug|x86
		{9D85BB0B-A19C-41B1-81D3-4CAB69D9F4F8}.Debug|x86.Deploy.0 = Debug|x86
		{9D85BB0B-A19C-41B1-81D3-4CAB69D9F4F8}.Release|Any CPU.ActiveCfg = Release|x86
		{9D85BB0B-A19C-41B1-81D3-4CAB69D9F4F8}.Release|x64.ActiveCfg = Release|x64
		{9D85BB0B-A19C-41B1-81D3-4CAB69D9F4F8}.Release|x64.Build.0 = Release|x64
		{9D85BB0B-A19C-41B1-81D3-4CAB69D9F4F8}.Release|x64.Deploy.0 = Release|x64
		{9D85BB0B-A19C-41B1-81D3-4CAB69D9F4F8}.Release|x86.ActiveCfg = Release|x86
		{9D85BB0B-A19C-41B1-81D3-4CAB69D9F4F8}.Release|x86.Build.0 = Release|x86
		{9D85BB0B-A19C-41B1-81D3-4CAB69D9F4F8}.Release|x86.Deploy.0 = Release|x86
		{9271B278-9C6B-45B4-95F2-A52643B26B9A}.Debug|Any CPU.ActiveCfg = Debug|Any CPU
		{9271B278-9C6B-45B4-95F2-A52643B26B9A}.Debug|Any CPU.Build.0 = Debug|Any CPU
		{9271B278-9C6B-45B4-95F2-A52643B26B9A}.Debug|x64.ActiveCfg = Debug|x64
		{9271B278-9C6B-45B4-95F2-A52643B26B9A}.Debug|x64.Build.0 = Debug|x64
		{9271B278-9C6B-45B4-95F2-A52643B26B9A}.Debug|x86.ActiveCfg = Debug|x86
		{9271B278-9C6B-45B4-95F2-A52643B26B9A}.Debug|x86.Build.0 = Debug|x86
		{9271B278-9C6B-45B4-95F2-A52643B26B9A}.Release|Any CPU.ActiveCfg = Release|Any CPU
		{9271B278-9C6B-45B4-95F2-A52643B26B9A}.Release|Any CPU.Build.0 = Release|Any CPU
		{9271B278-9C6B-45B4-95F2-A52643B26B9A}.Release|x64.ActiveCfg = Release|x64
		{9271B278-9C6B-45B4-95F2-A52643B26B9A}.Release|x64.Build.0 = Release|x64
		{9271B278-9C6B-45B4-95F2-A52643B26B9A}.Release|x86.ActiveCfg = Release|x86
		{9271B278-9C6B-45B4-95F2-A52643B26B9A}.Release|x86.Build.0 = Release|x86
		{9F821561-3596-4949-99C4-A32EAA91EE6C}.Debug|Any CPU.ActiveCfg = Debug|Any CPU
		{9F821561-3596-4949-99C4-A32EAA91EE6C}.Debug|Any CPU.Build.0 = Debug|Any CPU
		{9F821561-3596-4949-99C4-A32EAA91EE6C}.Debug|x64.ActiveCfg = Debug|x64
		{9F821561-3596-4949-99C4-A32EAA91EE6C}.Debug|x64.Build.0 = Debug|x64
		{9F821561-3596-4949-99C4-A32EAA91EE6C}.Debug|x86.ActiveCfg = Debug|x86
		{9F821561-3596-4949-99C4-A32EAA91EE6C}.Debug|x86.Build.0 = Debug|x86
		{9F821561-3596-4949-99C4-A32EAA91EE6C}.Release|Any CPU.ActiveCfg = Release|Any CPU
		{9F821561-3596-4949-99C4-A32EAA91EE6C}.Release|Any CPU.Build.0 = Release|Any CPU
		{9F821561-3596-4949-99C4-A32EAA91EE6C}.Release|x64.ActiveCfg = Release|x64
		{9F821561-3596-4949-99C4-A32EAA91EE6C}.Release|x64.Build.0 = Release|x64
		{9F821561-3596-4949-99C4-A32EAA91EE6C}.Release|x86.ActiveCfg = Release|x86
		{9F821561-3596-4949-99C4-A32EAA91EE6C}.Release|x86.Build.0 = Release|x86
	EndGlobalSection
	GlobalSection(SolutionProperties) = preSolution
		HideSolutionNode = FALSE
	EndGlobalSection
	GlobalSection(NestedProjects) = preSolution
		{9271B278-9C6B-45B4-95F2-A52643B26B9A} = {CA44567F-2E4C-4FC8-916A-E04A934C758B}
	EndGlobalSection
	GlobalSection(ExtensibilityGlobals) = postSolution
		SolutionGuid = {EBDC1F32-90A4-4BF3-95F3-9421949FA98E}
	EndGlobalSection
EndGlobal
